
Microsoft Visual Studio Solution File, Format Version 12.00
# Visual Studio 15
VisualStudioVersion = 15.0.28307.489
MinimumVisualStudioVersion = 10.0.40219.1
Project("{FAE04EC0-301F-11D3-BF4B-00C04F79EFBC}") = "GRPCDemoApplication", "GRPCDemoApplication\GRPCDemoApplication.csproj", "{3F9FFF9A-2EF0-45AF-837E-4CFB8084621F}"
EndProject
Project("{FAE04EC0-301F-11D3-BF4B-00C04F79EFBC}") = "GrpcClient", "GrpcClient\GrpcClient.csproj", "{2FDD051E-103A-47EF-B6DA-8E92E612E557}"
EndProject
Project("{2150E333-8FDC-42A3-9474-1A3956D46DE8}") = "protos", "protos", "{104FBC45-7247-4561-8957-BC7F3799A643}"
	ProjectSection(SolutionItems) = preProject
		..\Nihil\GrpcDemoApp\Protos\chat_service.proto = ..\Nihil\GrpcDemoApp\Protos\chat_service.proto
		..\Nihil\GrpcDemoApp\Protos\cltstream.proto = ..\Nihil\GrpcDemoApp\Protos\cltstream.proto
		..\Nihil\GrpcDemoApp\Protos\customer.proto = ..\Nihil\GrpcDemoApp\Protos\customer.proto
	EndProjectSection
EndProject
Global
	GlobalSection(SolutionConfigurationPlatforms) = preSolution
		Debug|Any CPU = Debug|Any CPU
		Release|Any CPU = Release|Any CPU
	EndGlobalSection
	GlobalSection(ProjectConfigurationPlatforms) = postSolution
		{3F9FFF9A-2EF0-45AF-837E-4CFB8084621F}.Debug|Any CPU.ActiveCfg = Debug|Any CPU
		{3F9FFF9A-2EF0-45AF-837E-4CFB8084621F}.Debug|Any CPU.Build.0 = Debug|Any CPU
		{3F9FFF9A-2EF0-45AF-837E-4CFB8084621F}.Release|Any CPU.ActiveCfg = Release|Any CPU
		{3F9FFF9A-2EF0-45AF-837E-4CFB8084621F}.Release|Any CPU.Build.0 = Release|Any CPU
		{2FDD051E-103A-47EF-B6DA-8E92E612E557}.Debug|Any CPU.ActiveCfg = Debug|Any CPU
		{2FDD051E-103A-47EF-B6DA-8E92E612E557}.Debug|Any CPU.Build.0 = Debug|Any CPU
		{2FDD051E-103A-47EF-B6DA-8E92E612E557}.Release|Any CPU.ActiveCfg = Release|Any CPU
		{2FDD051E-103A-47EF-B6DA-8E92E612E557}.Release|Any CPU.Build.0 = Release|Any CPU
	EndGlobalSection
	GlobalSection(SolutionProperties) = preSolution
		HideSolutionNode = FALSE
	EndGlobalSection
	GlobalSection(ExtensibilityGlobals) = postSolution
		SolutionGuid = {E74E4A17-687F-4EBB-8F76-77748AA4FF8D}
	EndGlobalSection
EndGlobal
